// !$*UTF8*$!
{
	archiveVersion = 1;
	classes = {
	};
	objectVersion = 50;
	objects = {

/* Begin PBXBuildFile section */
		366FC9FA23CF1FE800E7F259 /* AppDelegate.swift in Sources */ = {isa = PBXBuildFile; fileRef = 366FC9F923CF1FE800E7F259 /* AppDelegate.swift */; };
		366FC9FC23CF1FE800E7F259 /* ViewController.swift in Sources */ = {isa = PBXBuildFile; fileRef = 366FC9FB23CF1FE800E7F259 /* ViewController.swift */; };
		366FC9FF23CF1FE800E7F259 /* Main.storyboard in Resources */ = {isa = PBXBuildFile; fileRef = 366FC9FD23CF1FE800E7F259 /* Main.storyboard */; };
		366FCA0123CF1FE800E7F259 /* Assets.xcassets in Resources */ = {isa = PBXBuildFile; fileRef = 366FCA0023CF1FE800E7F259 /* Assets.xcassets */; };
		366FCA0423CF1FE800E7F259 /* LaunchScreen.storyboard in Resources */ = {isa = PBXBuildFile; fileRef = 366FCA0223CF1FE800E7F259 /* LaunchScreen.storyboard */; };
		366FCA0F23CF1FE800E7F259 /* StringCalculatorTests.swift in Sources */ = {isa = PBXBuildFile; fileRef = 366FCA0E23CF1FE800E7F259 /* StringCalculatorTests.swift */; };
		368E2D1923CF28E30035F84E /* StringCalculator.swift in Sources */ = {isa = PBXBuildFile; fileRef = 368E2D1823CF28E30035F84E /* StringCalculator.swift */; };
/* End PBXBuildFile section */

/* Begin PBXContainerItemProxy section */
		366FCA0B23CF1FE800E7F259 /* PBXContainerItemProxy */ = {
			isa = PBXContainerItemProxy;
			containerPortal = 366FC9EE23CF1FE800E7F259 /* Project object */;
			proxyType = 1;
			remoteGlobalIDString = 366FC9F523CF1FE800E7F259;
			remoteInfo = StringCalculator;
		};
/* End PBXContainerItemProxy section */

/* Begin PBXFileReference section */
		366FC9F623CF1FE800E7F259 /* StringCalculator.app */ = {isa = PBXFileReference; explicitFileType = wrapper.application; includeInIndex = 0; path = StringCalculator.app; sourceTree = BUILT_PRODUCTS_DIR; };
		366FC9F923CF1FE800E7F259 /* AppDelegate.swift */ = {isa = PBXFileReference; lastKnownFileType = sourcecode.swift; path = AppDelegate.swift; sourceTree = "<group>"; };
		366FC9FB23CF1FE800E7F259 /* ViewController.swift */ = {isa = PBXFileReference; lastKnownFileType = sourcecode.swift; path = ViewController.swift; sourceTree = "<group>"; };
		366FC9FE23CF1FE800E7F259 /* Base */ = {isa = PBXFileReference; lastKnownFileType = file.storyboard; name = Base; path = Base.lproj/Main.storyboard; sourceTree = "<group>"; };
		366FCA0023CF1FE800E7F259 /* Assets.xcassets */ = {isa = PBXFileReference; lastKnownFileType = folder.assetcatalog; path = Assets.xcassets; sourceTree = "<group>"; };
		366FCA0323CF1FE800E7F259 /* Base */ = {isa = PBXFileReference; lastKnownFileType = file.storyboard; name = Base; path = Base.lproj/LaunchScreen.storyboard; sourceTree = "<group>"; };
		366FCA0523CF1FE800E7F259 /* Info.plist */ = {isa = PBXFileReference; lastKnownFileType = text.plist.xml; path = Info.plist; sourceTree = "<group>"; };
		366FCA0A23CF1FE800E7F259 /* StringCalculatorTests.xctest */ = {isa = PBXFileReference; explicitFileType = wrapper.cfbundle; includeInIndex = 0; path = StringCalculatorTests.xctest; sourceTree = BUILT_PRODUCTS_DIR; };
		366FCA0E23CF1FE800E7F259 /* StringCalculatorTests.swift */ = {isa = PBXFileReference; lastKnownFileType = sourcecode.swift; path = StringCalculatorTests.swift; sourceTree = "<group>"; };
		366FCA1023CF1FE800E7F259 /* Info.plist */ = {isa = PBXFileReference; lastKnownFileType = text.plist.xml; path = Info.plist; sourceTree = "<group>"; };
		368E2D1823CF28E30035F84E /* StringCalculator.swift */ = {isa = PBXFileReference; lastKnownFileType = sourcecode.swift; path = StringCalculator.swift; sourceTree = "<group>"; };
/* End PBXFileReference section */

/* Begin PBXFrameworksBuildPhase section */
		366FC9F323CF1FE800E7F259 /* Frameworks */ = {
			isa = PBXFrameworksBuildPhase;
			buildActionMask = 2147483647;
			files = (
			);
			runOnlyForDeploymentPostprocessing = 0;
		};
		366FCA0723CF1FE800E7F259 /* Frameworks */ = {
			isa = PBXFrameworksBuildPhase;
			buildActionMask = 2147483647;
			files = (
			);
			runOnlyForDeploymentPostprocessing = 0;
		};
/* End PBXFrameworksBuildPhase section */

/* Begin PBXGroup section */
		366FC9ED23CF1FE800E7F259 = {
			isa = PBXGroup;
			children = (
				366FC9F823CF1FE800E7F259 /* StringCalculator */,
				366FCA0D23CF1FE800E7F259 /* StringCalculatorTests */,
				366FC9F723CF1FE800E7F259 /* Products */,
			);
			sourceTree = "<group>";
		};
		366FC9F723CF1FE800E7F259 /* Products */ = {
			isa = PBXGroup;
			children = (
				366FC9F623CF1FE800E7F259 /* StringCalculator.app */,
				366FCA0A23CF1FE800E7F259 /* StringCalculatorTests.xctest */,
			);
			name = Products;
			sourceTree = "<group>";
		};
		366FC9F823CF1FE800E7F259 /* StringCalculator */ = {
			isa = PBXGroup;
			children = (
				366FC9F923CF1FE800E7F259 /* AppDelegate.swift */,
				366FC9FB23CF1FE800E7F259 /* ViewController.swift */,
				366FC9FD23CF1FE800E7F259 /* Main.storyboard */,
				366FCA0023CF1FE800E7F259 /* Assets.xcassets */,
				366FCA0223CF1FE800E7F259 /* LaunchScreen.storyboard */,
				366FCA0523CF1FE800E7F259 /* Info.plist */,
				368E2D1823CF28E30035F84E /* StringCalculator.swift */,
			);
			path = StringCalculator;
			sourceTree = "<group>";
		};
		366FCA0D23CF1FE800E7F259 /* StringCalculatorTests */ = {
			isa = PBXGroup;
			children = (
				366FCA0E23CF1FE800E7F259 /* StringCalculatorTests.swift */,
				366FCA1023CF1FE800E7F259 /* Info.plist */,
			);
			path = StringCalculatorTests;
			sourceTree = "<group>";
		};
/* End PBXGroup section */

/* Begin PBXNativeTarget section */
		366FC9F523CF1FE800E7F259 /* StringCalculator */ = {
			isa = PBXNativeTarget;
			buildConfigurationList = 366FCA1E23CF1FE800E7F259 /* Build configuration list for PBXNativeTarget "StringCalculator" */;
			buildPhases = (
				366FC9F223CF1FE800E7F259 /* Sources */,
				366FC9F323CF1FE800E7F259 /* Frameworks */,
				366FC9F423CF1FE800E7F259 /* Resources */,
			);
			buildRules = (
			);
			dependencies = (
			);
			name = StringCalculator;
			productName = StringCalculator;
			productReference = 366FC9F623CF1FE800E7F259 /* StringCalculator.app */;
			productType = "com.apple.product-type.application";
		};
		366FCA0923CF1FE800E7F259 /* StringCalculatorTests */ = {
			isa = PBXNativeTarget;
			buildConfigurationList = 366FCA2123CF1FE800E7F259 /* Build configuration list for PBXNativeTarget "StringCalculatorTests" */;
			buildPhases = (
				366FCA0623CF1FE800E7F259 /* Sources */,
				366FCA0723CF1FE800E7F259 /* Frameworks */,
				366FCA0823CF1FE800E7F259 /* Resources */,
			);
			buildRules = (
			);
			dependencies = (
				366FCA0C23CF1FE800E7F259 /* PBXTargetDependency */,
			);
			name = StringCalculatorTests;
			productName = StringCalculatorTests;
			productReference = 366FCA0A23CF1FE800E7F259 /* StringCalculatorTests.xctest */;
			productType = "com.apple.product-type.bundle.unit-test";
		};
/* End PBXNativeTarget section */

/* Begin PBXProject section */
		366FC9EE23CF1FE800E7F259 /* Project object */ = {
			isa = PBXProject;
			attributes = {
				LastSwiftUpdateCheck = 1030;
				LastUpgradeCheck = 1030;
				ORGANIZATIONNAME = "Sanchez, Vladimir";
				TargetAttributes = {
					366FC9F523CF1FE800E7F259 = {
						CreatedOnToolsVersion = 10.3;
					};
					366FCA0923CF1FE800E7F259 = {
						CreatedOnToolsVersion = 10.3;
						TestTargetID = 366FC9F523CF1FE800E7F259;
					};
				};
			};
			buildConfigurationList = 366FC9F123CF1FE800E7F259 /* Build configuration list for PBXProject "StringCalculator" */;
			compatibilityVersion = "Xcode 9.3";
			developmentRegion = en;
			hasScannedForEncodings = 0;
			knownRegions = (
				en,
				Base,
			);
			mainGroup = 366FC9ED23CF1FE800E7F259;
			productRefGroup = 366FC9F723CF1FE800E7F259 /* Products */;
			projectDirPath = "";
			projectRoot = "";
			targets = (
				366FC9F523CF1FE800E7F259 /* StringCalculator */,
				366FCA0923CF1FE800E7F259 /* StringCalculatorTests */,
			);
		};
/* End PBXProject section */

/* Begin PBXResourcesBuildPhase section */
		366FC9F423CF1FE800E7F259 /* Resources */ = {
			isa = PBXResourcesBuildPhase;
			buildActionMask = 2147483647;
			files = (
				366FCA0423CF1FE800E7F259 /* LaunchScreen.storyboard in Resources */,
				366FCA0123CF1FE800E7F259 /* Assets.xcassets in Resources */,
				366FC9FF23CF1FE800E7F259 /* Main.storyboard in Resources */,
			);
			runOnlyForDeploymentPostprocessing = 0;
		};
		366FCA0823CF1FE800E7F259 /* Resources */ = {
			isa = PBXResourcesBuildPhase;
			buildActionMask = 2147483647;
			files = (
			);
			runOnlyForDeploymentPostprocessing = 0;
		};
/* End PBXResourcesBuildPhase section */

/* Begin PBXSourcesBuildPhase section */
		366FC9F223CF1FE800E7F259 /* Sources */ = {
			isa = PBXSourcesBuildPhase;
			buildActionMask = 2147483647;
			files = (
				366FC9FC23CF1FE800E7F259 /* ViewController.swift in Sources */,
				366FC9FA23CF1FE800E7F259 /* AppDelegate.swift in Sources */,
				368E2D1923CF28E30035F84E /* StringCalculator.swift in Sources */,
			);
			runOnlyForDeploymentPostprocessing = 0;
		};
		366FCA0623CF1FE800E7F259 /* Sources */ = {
			isa = PBXSourcesBuildPhase;
			buildActionMask = 2147483647;
			files = (
				366FCA0F23CF1FE800E7F259 /* StringCalculatorTests.swift in Sources */,
			);
			runOnlyForDeploymentPostprocessing = 0;
		};
/* End PBXSourcesBuildPhase section */

/* Begin PBXTargetDependency section */
		366FCA0C23CF1FE800E7F259 /* PBXTargetDependency */ = {
			isa = PBXTargetDependency;
			target = 366FC9F523CF1FE800E7F259 /* StringCalculator */;
			targetProxy = 366FCA0B23CF1FE800E7F259 /* PBXContainerItemProxy */;
		};
/* End PBXTargetDependency section */

/* Begin PBXVariantGroup section */
		366FC9FD23CF1FE800E7F259 /* Main.storyboard */ = {
			isa = PBXVariantGroup;
			children = (
				366FC9FE23CF1FE800E7F259 /* Base */,
			);
			name = Main.storyboard;
			sourceTree = "<group>";
		};
		366FCA0223CF1FE800E7F259 /* LaunchScreen.storyboard */ = {
			isa = PBXVariantGroup;
			children = (
				366FCA0323CF1FE800E7F259 /* Base */,
			);
			name = LaunchScreen.storyboard;
			sourceTree = "<group>";
		};
/* End PBXVariantGroup section */

/* Begin XCBuildConfiguration section */
		366FCA1C23CF1FE800E7F259 /* Debug */ = {
			isa = XCBuildConfiguration;
			buildSettings = {
				ALWAYS_SEARCH_USER_PATHS = NO;
				CLANG_ANALYZER_NONNULL = YES;
				CLANG_ANALYZER_NUMBER_OBJECT_CONVERSION = YES_AGGRESSIVE;
				CLANG_CXX_LANGUAGE_STANDARD = "gnu++14";
				CLANG_CXX_LIBRARY = "libc++";
				CLANG_ENABLE_MODULES = YES;
				CLANG_ENABLE_OBJC_ARC = YES;
				CLANG_ENABLE_OBJC_WEAK = YES;
				CLANG_WARN_BLOCK_CAPTURE_AUTORELEASING = YES;
				CLANG_WARN_BOOL_CONVERSION = YES;
				CLANG_WARN_COMMA = YES;
				CLANG_WARN_CONSTANT_CONVERSION = YES;
				CLANG_WARN_DEPRECATED_OBJC_IMPLEMENTATIONS = YES;
				CLANG_WARN_DIRECT_OBJC_ISA_USAGE = YES_ERROR;
				CLANG_WARN_DOCUMENTATION_COMMENTS = YES;
				CLANG_WARN_EMPTY_BODY = YES;
				CLANG_WARN_ENUM_CONVERSION = YES;
				CLANG_WARN_INFINITE_RECURSION = YES;
				CLANG_WARN_INT_CONVERSION = YES;
				CLANG_WARN_NON_LITERAL_NULL_CONVERSION = YES;
				CLANG_WARN_OBJC_IMPLICIT_RETAIN_SELF = YES;
				CLANG_WARN_OBJC_LITERAL_CONVERSION = YES;
				CLANG_WARN_OBJC_ROOT_CLASS = YES_ERROR;
				CLANG_WARN_RANGE_LOOP_ANALYSIS = YES;
				CLANG_WARN_STRICT_PROTOTYPES = YES;
				CLANG_WARN_SUSPICIOUS_MOVE = YES;
				CLANG_WARN_UNGUARDED_AVAILABILITY = YES_AGGRESSIVE;
				CLANG_WARN_UNREACHABLE_CODE = YES;
				CLANG_WARN__DUPLICATE_METHOD_MATCH = YES;
				CODE_SIGN_IDENTITY = "iPhone Developer";
				COPY_PHASE_STRIP = NO;
				DEBUG_INFORMATION_FORMAT = dwarf;
				ENABLE_STRICT_OBJC_MSGSEND = YES;
				ENABLE_TESTABILITY = YES;
				GCC_C_LANGUAGE_STANDARD = gnu11;
				GCC_DYNAMIC_NO_PIC = NO;
				GCC_NO_COMMON_BLOCKS = YES;
				GCC_OPTIMIZATION_LEVEL = 0;
				GCC_PREPROCESSOR_DEFINITIONS = (
					"DEBUG=1",
					"$(inherited)",
				);
				GCC_WARN_64_TO_32_BIT_CONVERSION = YES;
				GCC_WARN_ABOUT_RETURN_TYPE = YES_ERROR;
				GCC_WARN_UNDECLARED_SELECTOR = YES;
				GCC_WARN_UNINITIALIZED_AUTOS = YES_AGGRESSIVE;
				GCC_WARN_UNUSED_FUNCTION = YES;
				GCC_WARN_UNUSED_VARIABLE = YES;
				IPHONEOS_DEPLOYMENT_TARGET = 12.4;
				MTL_ENABLE_DEBUG_INFO = INCLUDE_SOURCE;
				MTL_FAST_MATH = YES;
				ONLY_ACTIVE_ARCH = YES;
				SDKROOT = iphoneos;
				SWIFT_ACTIVE_COMPILATION_CONDITIONS = DEBUG;
				SWIFT_OPTIMIZATION_LEVEL = "-Onone";
			};
			name = Debug;
		};
		366FCA1D23CF1FE800E7F259 /* Release */ = {
			isa = XCBuildConfiguration;
			buildSettings = {
				ALWAYS_SEARCH_USER_PATHS = NO;
				CLANG_ANALYZER_NONNULL = YES;
				CLANG_ANALYZER_NUMBER_OBJECT_CONVERSION = YES_AGGRESSIVE;
				CLANG_CXX_LANGUAGE_STANDARD = "gnu++14";
				CLANG_CXX_LIBRARY = "libc++";
				CLANG_ENABLE_MODULES = YES;
				CLANG_ENABLE_OBJC_ARC = YES;
				CLANG_ENABLE_OBJC_WEAK = YES;
				CLANG_WARN_BLOCK_CAPTURE_AUTORELEASING = YES;
				CLANG_WARN_BOOL_CONVERSION = YES;
				CLANG_WARN_COMMA = YES;
				CLANG_WARN_CONSTANT_CONVERSION = YES;
				CLANG_WARN_DEPRECATED_OBJC_IMPLEMENTATIONS = YES;
				CLANG_WARN_DIRECT_OBJC_ISA_USAGE = YES_ERROR;
				CLANG_WARN_DOCUMENTATION_COMMENTS = YES;
				CLANG_WARN_EMPTY_BODY = YES;
				CLANG_WARN_ENUM_CONVERSION = YES;
				CLANG_WARN_INFINITE_RECURSION = YES;
				CLANG_WARN_INT_CONVERSION = YES;
				CLANG_WARN_NON_LITERAL_NULL_CONVERSION = YES;
				CLANG_WARN_OBJC_IMPLICIT_RETAIN_SELF = YES;
				CLANG_WARN_OBJC_LITERAL_CONVERSION = YES;
				CLANG_WARN_OBJC_ROOT_CLASS = YES_ERROR;
				CLANG_WARN_RANGE_LOOP_ANALYSIS = YES;
				CLANG_WARN_STRICT_PROTOTYPES = YES;
				CLANG_WARN_SUSPICIOUS_MOVE = YES;
				CLANG_WARN_UNGUARDED_AVAILABILITY = YES_AGGRESSIVE;
				CLANG_WARN_UNREACHABLE_CODE = YES;
				CLANG_WARN__DUPLICATE_METHOD_MATCH = YES;
				CODE_SIGN_IDENTITY = "iPhone Developer";
				COPY_PHASE_STRIP = NO;
				DEBUG_INFORMATION_FORMAT = "dwarf-with-dsym";
				ENABLE_NS_ASSERTIONS = NO;
				ENABLE_STRICT_OBJC_MSGSEND = YES;
				GCC_C_LANGUAGE_STANDARD = gnu11;
				GCC_NO_COMMON_BLOCKS = YES;
				GCC_WARN_64_TO_32_BIT_CONVERSION = YES;
				GCC_WARN_ABOUT_RETURN_TYPE = YES_ERROR;
				GCC_WARN_UNDECLARED_SELECTOR = YES;
				GCC_WARN_UNINITIALIZED_AUTOS = YES_AGGRESSIVE;
				GCC_WARN_UNUSED_FUNCTION = YES;
				GCC_WARN_UNUSED_VARIABLE = YES;
				IPHONEOS_DEPLOYMENT_TARGET = 12.4;
				MTL_ENABLE_DEBUG_INFO = NO;
				MTL_FAST_MATH = YES;
				SDKROOT = iphoneos;
				SWIFT_COMPILATION_MODE = wholemodule;
				SWIFT_OPTIMIZATION_LEVEL = "-O";
				VALIDATE_PRODUCT = YES;
			};
			name = Release;
		};
		366FCA1F23CF1FE800E7F259 /* Debug */ = {
			isa = XCBuildConfiguration;
			buildSettings = {
				ASSETCATALOG_COMPILER_APPICON_NAME = AppIcon;
				CODE_SIGN_STYLE = Automatic;
				DEVELOPMENT_TEAM = 38X6ES8UH5;
				INFOPLIST_FILE = StringCalculator/Info.plist;
				LD_RUNPATH_SEARCH_PATHS = (
					"$(inherited)",
					"@executable_path/Frameworks",
				);
				PRODUCT_BUNDLE_IDENTIFIER = com.sicpa.StringCalculator;
				PRODUCT_NAME = "$(TARGET_NAME)";
				SWIFT_VERSION = 5.0;
				TARGETED_DEVICE_FAMILY = "1,2";
			};
			name = Debug;
		};
		366FCA2023CF1FE800E7F259 /* Release */ = {
			isa = XCBuildConfiguration;
			buildSettings = {
				ASSETCATALOG_COMPILER_APPICON_NAME = AppIcon;
				CODE_SIGN_STYLE = Automatic;
				DEVELOPMENT_TEAM = 38X6ES8UH5;
				INFOPLIST_FILE = StringCalculator/Info.plist;
				LD_RUNPATH_SEARCH_PATHS = (
					"$(inherited)",
					"@executable_path/Frameworks",
				);
				PRODUCT_BUNDLE_IDENTIFIER = com.sicpa.StringCalculator;
				PRODUCT_NAME = "$(TARGET_NAME)";
				SWIFT_VERSION = 5.0;
				TARGETED_DEVICE_FAMILY = "1,2";
			};
			name = Release;
		};
		366FCA2223CF1FE800E7F259 /* Debug */ = {
			isa = XCBuildConfiguration;
			buildSettings = {
				ALWAYS_EMBED_SWIFT_STANDARD_LIBRARIES = YES;
				BUNDLE_LOADER = "$(TEST_HOST)";
				CODE_SIGN_STYLE = Automatic;
				DEVELOPMENT_TEAM = 38X6ES8UH5;
				INFOPLIST_FILE = StringCalculatorTests/Info.plist;
				LD_RUNPATH_SEARCH_PATHS = (
					"$(inherited)",
					"@executable_path/Frameworks",
					"@loader_path/Frameworks",
				);
				PRODUCT_BUNDLE_IDENTIFIER = com.sicpa.StringCalculatorTests;
				PRODUCT_NAME = "$(TARGET_NAME)";
				SWIFT_VERSION = 5.0;
				TARGETED_DEVICE_FAMILY = "1,2";
				TEST_HOST = "$(BUILT_PRODUCTS_DIR)/StringCalculator.app/StringCalculator";
			};
			name = Debug;
		};
		366FCA2323CF1FE800E7F259 /* Release */ = {
			isa = XCBuildConfiguration;
			buildSettings = {
				ALWAYS_EMBED_SWIFT_STANDARD_LIBRARIES = YES;
				BUNDLE_LOADER = "$(TEST_HOST)";
				CODE_SIGN_STYLE = Automatic;
				DEVELOPMENT_TEAM = 38X6ES8UH5;
				INFOPLIST_FILE = StringCalculatorTests/Info.plist;
				LD_RUNPATH_SEARCH_PATHS = (
					"$(inherited)",
					"@executable_path/Frameworks",
					"@loader_path/Frameworks",
				);
				PRODUCT_BUNDLE_IDENTIFIER = com.sicpa.StringCalculatorTests;
				PRODUCT_NAME = "$(TARGET_NAME)";
				SWIFT_VERSION = 5.0;
				TARGETED_DEVICE_FAMILY = "1,2";
				TEST_HOST = "$(BUILT_PRODUCTS_DIR)/StringCalculator.app/StringCalculator";
			};
			name = Release;
		};
/* End XCBuildConfiguration section */

/* Begin XCConfigurationList section */
		366FC9F123CF1FE800E7F259 /* Build configuration list for PBXProject "StringCalculator" */ = {
			isa = XCConfigurationList;
			buildConfigurations = (
				366FCA1C23CF1FE800E7F259 /* Debug */,
				366FCA1D23CF1FE800E7F259 /* Release */,
			);
			defaultConfigurationIsVisible = 0;
			defaultConfigurationName = Release;
		};
		366FCA1E23CF1FE800E7F259 /* Build configuration list for PBXNativeTarget "StringCalculator" */ = {
			isa = XCConfigurationList;
			buildConfigurations = (
				366FCA1F23CF1FE800E7F259 /* Debug */,
				366FCA2023CF1FE800E7F259 /* Release */,
			);
			defaultConfigurationIsVisible = 0;
			defaultConfigurationName = Release;
		};
		366FCA2123CF1FE800E7F259 /* Build configuration list for PBXNativeTarget "StringCalculatorTests" */ = {
			isa = XCConfigurationList;
			buildConfigurations = (
				366FCA2223CF1FE800E7F259 /* Debug */,
				366FCA2323CF1FE800E7F259 /* Release */,
			);
			defaultConfigurationIsVisible = 0;
			defaultConfigurationName = Release;
		};
/* End XCConfigurationList section */
	};
	rootObject = 366FC9EE23CF1FE800E7F259 /* Project object */;
}
